// !$*UTF8*$!
{
	archiveVersion = 1;
	classes = {
	};
	objectVersion = 56;
	objects = {

/* Begin PBXBuildFile section */
		EA15134A2939065900F99D3A /* Model.xcdatamodeld in Sources */ = {isa = PBXBuildFile; fileRef = EA1513482939065900F99D3A /* Model.xcdatamodeld */; };
		EA6D9164293518CA00E18E34 /* CoreData_TutorialApp.swift in Sources */ = {isa = PBXBuildFile; fileRef = EA6D9163293518CA00E18E34 /* CoreData_TutorialApp.swift */; };
		EA6D9166293518CA00E18E34 /* ContentView.swift in Sources */ = {isa = PBXBuildFile; fileRef = EA6D9165293518CA00E18E34 /* ContentView.swift */; };
		EA6D9168293518CA00E18E34 /* Assets.xcassets in Resources */ = {isa = PBXBuildFile; fileRef = EA6D9167293518CA00E18E34 /* Assets.xcassets */; };
		EA6D916B293518CA00E18E34 /* Preview Assets.xcassets in Resources */ = {isa = PBXBuildFile; fileRef = EA6D916A293518CA00E18E34 /* Preview Assets.xcassets */; };
		EA6D916D293518CA00E18E34 /* Persistence.swift in Sources */ = {isa = PBXBuildFile; fileRef = EA6D916C293518CA00E18E34 /* Persistence.swift */; };
		EA6D9170293518CA00E18E34 /* CoreData_Tutorial.xcdatamodeld in Sources */ = {isa = PBXBuildFile; fileRef = EA6D916E293518CA00E18E34 /* CoreData_Tutorial.xcdatamodeld */; };
		EA6D917729351A1600E18E34 /* ModalView.swift in Sources */ = {isa = PBXBuildFile; fileRef = EA6D917629351A1600E18E34 /* ModalView.swift */; };
		EAC5B5CA293652ED00E650E0 /* NoteView.swift in Sources */ = {isa = PBXBuildFile; fileRef = EAC5B5C9293652ED00E650E0 /* NoteView.swift */; };
		EAC5B5CD293654A700E650E0 /* Item+CoreDataClass.swift in Sources */ = {isa = PBXBuildFile; fileRef = EAC5B5CB293654A700E650E0 /* Item+CoreDataClass.swift */; };
		EAC5B5CE293654A700E650E0 /* Item+CoreDataProperties.swift in Sources */ = {isa = PBXBuildFile; fileRef = EAC5B5CC293654A700E650E0 /* Item+CoreDataProperties.swift */; };
/* End PBXBuildFile section */

/* Begin PBXFileReference section */
		EA1513492939065900F99D3A /* Model.xcdatamodel */ = {isa = PBXFileReference; lastKnownFileType = wrapper.xcdatamodel; path = Model.xcdatamodel; sourceTree = "<group>"; };
		EA6D9160293518C900E18E34 /* CoreData_Tutorial.app */ = {isa = PBXFileReference; explicitFileType = wrapper.application; includeInIndex = 0; path = CoreData_Tutorial.app; sourceTree = BUILT_PRODUCTS_DIR; };
		EA6D9163293518CA00E18E34 /* CoreData_TutorialApp.swift */ = {isa = PBXFileReference; lastKnownFileType = sourcecode.swift; path = CoreData_TutorialApp.swift; sourceTree = "<group>"; };
		EA6D9165293518CA00E18E34 /* ContentView.swift */ = {isa = PBXFileReference; lastKnownFileType = sourcecode.swift; path = ContentView.swift; sourceTree = "<group>"; };
		EA6D9167293518CA00E18E34 /* Assets.xcassets */ = {isa = PBXFileReference; lastKnownFileType = folder.assetcatalog; path = Assets.xcassets; sourceTree = "<group>"; };
		EA6D916A293518CA00E18E34 /* Preview Assets.xcassets */ = {isa = PBXFileReference; lastKnownFileType = folder.assetcatalog; path = "Preview Assets.xcassets"; sourceTree = "<group>"; };
		EA6D916C293518CA00E18E34 /* Persistence.swift */ = {isa = PBXFileReference; lastKnownFileType = sourcecode.swift; path = Persistence.swift; sourceTree = "<group>"; };
		EA6D916F293518CA00E18E34 /* CoreData_Tutorial.xcdatamodel */ = {isa = PBXFileReference; lastKnownFileType = wrapper.xcdatamodel; path = CoreData_Tutorial.xcdatamodel; sourceTree = "<group>"; };
		EA6D917629351A1600E18E34 /* ModalView.swift */ = {isa = PBXFileReference; lastKnownFileType = sourcecode.swift; path = ModalView.swift; sourceTree = "<group>"; };
		EAC5B5C9293652ED00E650E0 /* NoteView.swift */ = {isa = PBXFileReference; lastKnownFileType = sourcecode.swift; path = NoteView.swift; sourceTree = "<group>"; };
		EAC5B5CB293654A700E650E0 /* Item+CoreDataClass.swift */ = {isa = PBXFileReference; lastKnownFileType = sourcecode.swift; path = "Item+CoreDataClass.swift"; sourceTree = "<group>"; };
		EAC5B5CC293654A700E650E0 /* Item+CoreDataProperties.swift */ = {isa = PBXFileReference; lastKnownFileType = sourcecode.swift; path = "Item+CoreDataProperties.swift"; sourceTree = "<group>"; };
/* End PBXFileReference section */

/* Begin PBXFrameworksBuildPhase section */
		EA6D915D293518C900E18E34 /* Frameworks */ = {
			isa = PBXFrameworksBuildPhase;
			buildActionMask = 2147483647;
			files = (
			);
			runOnlyForDeploymentPostprocessing = 0;
		};
/* End PBXFrameworksBuildPhase section */

/* Begin PBXGroup section */
		EA6D9157293518C900E18E34 = {
			isa = PBXGroup;
			children = (
				EAC5B5CB293654A700E650E0 /* Item+CoreDataClass.swift */,
				EAC5B5CC293654A700E650E0 /* Item+CoreDataProperties.swift */,
				EA6D9162293518CA00E18E34 /* CoreData_Tutorial */,
				EA6D9161293518C900E18E34 /* Products */,
			);
			sourceTree = "<group>";
		};
		EA6D9161293518C900E18E34 /* Products */ = {
			isa = PBXGroup;
			children = (
				EA6D9160293518C900E18E34 /* CoreData_Tutorial.app */,
			);
			name = Products;
			sourceTree = "<group>";
		};
		EA6D9162293518CA00E18E34 /* CoreData_Tutorial */ = {
			isa = PBXGroup;
			children = (
				EA6D9163293518CA00E18E34 /* CoreData_TutorialApp.swift */,
				EA6D9165293518CA00E18E34 /* ContentView.swift */,
				EA6D9167293518CA00E18E34 /* Assets.xcassets */,
				EA6D916C293518CA00E18E34 /* Persistence.swift */,
				EA6D916E293518CA00E18E34 /* CoreData_Tutorial.xcdatamodeld */,
				EA6D9169293518CA00E18E34 /* Preview Content */,
				EA6D917629351A1600E18E34 /* ModalView.swift */,
				EAC5B5C9293652ED00E650E0 /* NoteView.swift */,
				EA1513482939065900F99D3A /* Model.xcdatamodeld */,
			);
			path = CoreData_Tutorial;
			sourceTree = "<group>";
		};
		EA6D9169293518CA00E18E34 /* Preview Content */ = {
			isa = PBXGroup;
			children = (
				EA6D916A293518CA00E18E34 /* Preview Assets.xcassets */,
			);
			path = "Preview Content";
			sourceTree = "<group>";
		};
/* End PBXGroup section */

/* Begin PBXNativeTarget section */
		EA6D915F293518C900E18E34 /* CoreData_Tutorial */ = {
			isa = PBXNativeTarget;
			buildConfigurationList = EA6D9173293518CA00E18E34 /* Build configuration list for PBXNativeTarget "CoreData_Tutorial" */;
			buildPhases = (
				EA6D915C293518C900E18E34 /* Sources */,
				EA6D915D293518C900E18E34 /* Frameworks */,
				EA6D915E293518C900E18E34 /* Resources */,
			);
			buildRules = (
			);
			dependencies = (
			);
			name = CoreData_Tutorial;
			productName = CoreData_Tutorial;
			productReference = EA6D9160293518C900E18E34 /* CoreData_Tutorial.app */;
			productType = "com.apple.product-type.application";
		};
/* End PBXNativeTarget section */

/* Begin PBXProject section */
		EA6D9158293518C900E18E34 /* Project object */ = {
			isa = PBXProject;
			attributes = {
				BuildIndependentTargetsInParallel = 1;
				LastSwiftUpdateCheck = 1410;
				LastUpgradeCheck = 1410;
				TargetAttributes = {
					EA6D915F293518C900E18E34 = {
						CreatedOnToolsVersion = 14.1;
					};
				};
			};
			buildConfigurationList = EA6D915B293518C900E18E34 /* Build configuration list for PBXProject "CoreData_Tutorial" */;
			compatibilityVersion = "Xcode 14.0";
			developmentRegion = en;
			hasScannedForEncodings = 0;
			knownRegions = (
				en,
				Base,
			);
			mainGroup = EA6D9157293518C900E18E34;
			productRefGroup = EA6D9161293518C900E18E34 /* Products */;
			projectDirPath = "";
			projectRoot = "";
			targets = (
				EA6D915F293518C900E18E34 /* CoreData_Tutorial */,
			);
		};
/* End PBXProject section */

/* Begin PBXResourcesBuildPhase section */
		EA6D915E293518C900E18E34 /* Resources */ = {
			isa = PBXResourcesBuildPhase;
			buildActionMask = 2147483647;
			files = (
				EA6D916B293518CA00E18E34 /* Preview Assets.xcassets in Resources */,
				EA6D9168293518CA00E18E34 /* Assets.xcassets in Resources */,
			);
			runOnlyForDeploymentPostprocessing = 0;
		};
/* End PBXResourcesBuildPhase section */

/* Begin PBXSourcesBuildPhase section */
		EA6D915C293518C900E18E34 /* Sources */ = {
			isa = PBXSourcesBuildPhase;
			buildActionMask = 2147483647;
			files = (
				EA6D9170293518CA00E18E34 /* CoreData_Tutorial.xcdatamodeld in Sources */,
				EA6D916D293518CA00E18E34 /* Persistence.swift in Sources */,
				EAC5B5CE293654A700E650E0 /* Item+CoreDataProperties.swift in Sources */,
				EAC5B5CA293652ED00E650E0 /* NoteView.swift in Sources */,
				EA6D9166293518CA00E18E34 /* ContentView.swift in Sources */,
				EA15134A2939065900F99D3A /* Model.xcdatamodeld in Sources */,
				EA6D9164293518CA00E18E34 /* CoreData_TutorialApp.swift in Sources */,
				EA6D917729351A1600E18E34 /* ModalView.swift in Sources */,
				EAC5B5CD293654A700E650E0 /* Item+CoreDataClass.swift in Sources */,
			);
			runOnlyForDeploymentPostprocessing = 0;
		};
/* End PBXSourcesBuildPhase section */

/* Begin XCBuildConfiguration section */
		EA6D9171293518CA00E18E34 /* Debug */ = {
			isa = XCBuildConfiguration;
			buildSettings = {
				ALWAYS_SEARCH_USER_PATHS = NO;
				CLANG_ANALYZER_NONNULL = YES;
				CLANG_ANALYZER_NUMBER_OBJECT_CONVERSION = YES_AGGRESSIVE;
				CLANG_CXX_LANGUAGE_STANDARD = "gnu++20";
				CLANG_ENABLE_MODULES = YES;
				CLANG_ENABLE_OBJC_ARC = YES;
				CLANG_ENABLE_OBJC_WEAK = YES;
				CLANG_WARN_BLOCK_CAPTURE_AUTORELEASING = YES;
				CLANG_WARN_BOOL_CONVERSION = YES;
				CLANG_WARN_COMMA = YES;
				CLANG_WARN_CONSTANT_CONVERSION = YES;
				CLANG_WARN_DEPRECATED_OBJC_IMPLEMENTATIONS = YES;
				CLANG_WARN_DIRECT_OBJC_ISA_USAGE = YES_ERROR;
				CLANG_WARN_DOCUMENTATION_COMMENTS = YES;
				CLANG_WARN_EMPTY_BODY = YES;
				CLANG_WARN_ENUM_CONVERSION = YES;
				CLANG_WARN_INFINITE_RECURSION = YES;
				CLANG_WARN_INT_CONVERSION = YES;
				CLANG_WARN_NON_LITERAL_NULL_CONVERSION = YES;
				CLANG_WARN_OBJC_IMPLICIT_RETAIN_SELF = YES;
				CLANG_WARN_OBJC_LITERAL_CONVERSION = YES;
				CLANG_WARN_OBJC_ROOT_CLASS = YES_ERROR;
				CLANG_WARN_QUOTED_INCLUDE_IN_FRAMEWORK_HEADER = YES;
				CLANG_WARN_RANGE_LOOP_ANALYSIS = YES;
				CLANG_WARN_STRICT_PROTOTYPES = YES;
				CLANG_WARN_SUSPICIOUS_MOVE = YES;
				CLANG_WARN_UNGUARDED_AVAILABILITY = YES_AGGRESSIVE;
				CLANG_WARN_UNREACHABLE_CODE = YES;
				CLANG_WARN__DUPLICATE_METHOD_MATCH = YES;
				COPY_PHASE_STRIP = NO;
				DEBUG_INFORMATION_FORMAT = dwarf;
				ENABLE_STRICT_OBJC_MSGSEND = YES;
				ENABLE_TESTABILITY = YES;
				GCC_C_LANGUAGE_STANDARD = gnu11;
				GCC_DYNAMIC_NO_PIC = NO;
				GCC_NO_COMMON_BLOCKS = YES;
				GCC_OPTIMIZATION_LEVEL = 0;
				GCC_PREPROCESSOR_DEFINITIONS = (
					"DEBUG=1",
					"$(inherited)",
				);
				GCC_WARN_64_TO_32_BIT_CONVERSION = YES;
				GCC_WARN_ABOUT_RETURN_TYPE = YES_ERROR;
				GCC_WARN_UNDECLARED_SELECTOR = YES;
				GCC_WARN_UNINITIALIZED_AUTOS = YES_AGGRESSIVE;
				GCC_WARN_UNUSED_FUNCTION = YES;
				GCC_WARN_UNUSED_VARIABLE = YES;
				IPHONEOS_DEPLOYMENT_TARGET = 16.1;
				MTL_ENABLE_DEBUG_INFO = INCLUDE_SOURCE;
				MTL_FAST_MATH = YES;
				ONLY_ACTIVE_ARCH = YES;
				SDKROOT = iphoneos;
				SWIFT_ACTIVE_COMPILATION_CONDITIONS = DEBUG;
				SWIFT_OPTIMIZATION_LEVEL = "-Onone";
			};
			name = Debug;
		};
		EA6D9172293518CA00E18E34 /* Release */ = {
			isa = XCBuildConfiguration;
			buildSettings = {
				ALWAYS_SEARCH_USER_PATHS = NO;
				CLANG_ANALYZER_NONNULL = YES;
				CLANG_ANALYZER_NUMBER_OBJECT_CONVERSION = YES_AGGRESSIVE;
				CLANG_CXX_LANGUAGE_STANDARD = "gnu++20";
				CLANG_ENABLE_MODULES = YES;
				CLANG_ENABLE_OBJC_ARC = YES;
				CLANG_ENABLE_OBJC_WEAK = YES;
				CLANG_WARN_BLOCK_CAPTURE_AUTORELEASING = YES;
				CLANG_WARN_BOOL_CONVERSION = YES;
				CLANG_WARN_COMMA = YES;
				CLANG_WARN_CONSTANT_CONVERSION = YES;
				CLANG_WARN_DEPRECATED_OBJC_IMPLEMENTATIONS = YES;
				CLANG_WARN_DIRECT_OBJC_ISA_USAGE = YES_ERROR;
				CLANG_WARN_DOCUMENTATION_COMMENTS = YES;
				CLANG_WARN_EMPTY_BODY = YES;
				CLANG_WARN_ENUM_CONVERSION = YES;
				CLANG_WARN_INFINITE_RECURSION = YES;
				CLANG_WARN_INT_CONVERSION = YES;
				CLANG_WARN_NON_LITERAL_NULL_CONVERSION = YES;
				CLANG_WARN_OBJC_IMPLICIT_RETAIN_SELF = YES;
				CLANG_WARN_OBJC_LITERAL_CONVERSION = YES;
				CLANG_WARN_OBJC_ROOT_CLASS = YES_ERROR;
				CLANG_WARN_QUOTED_INCLUDE_IN_FRAMEWORK_HEADER = YES;
				CLANG_WARN_RANGE_LOOP_ANALYSIS = YES;
				CLANG_WARN_STRICT_PROTOTYPES = YES;
				CLANG_WARN_SUSPICIOUS_MOVE = YES;
				CLANG_WARN_UNGUARDED_AVAILABILITY = YES_AGGRESSIVE;
				CLANG_WARN_UNREACHABLE_CODE = YES;
				CLANG_WARN__DUPLICATE_METHOD_MATCH = YES;
				COPY_PHASE_STRIP = NO;
				DEBUG_INFORMATION_FORMAT = "dwarf-with-dsym";
				ENABLE_NS_ASSERTIONS = NO;
				ENABLE_STRICT_OBJC_MSGSEND = YES;
				GCC_C_LANGUAGE_STANDARD = gnu11;
				GCC_NO_COMMON_BLOCKS = YES;
				GCC_WARN_64_TO_32_BIT_CONVERSION = YES;
				GCC_WARN_ABOUT_RETURN_TYPE = YES_ERROR;
				GCC_WARN_UNDECLARED_SELECTOR = YES;
				GCC_WARN_UNINITIALIZED_AUTOS = YES_AGGRESSIVE;
				GCC_WARN_UNUSED_FUNCTION = YES;
				GCC_WARN_UNUSED_VARIABLE = YES;
				IPHONEOS_DEPLOYMENT_TARGET = 16.1;
				MTL_ENABLE_DEBUG_INFO = NO;
				MTL_FAST_MATH = YES;
				SDKROOT = iphoneos;
				SWIFT_COMPILATION_MODE = wholemodule;
				SWIFT_OPTIMIZATION_LEVEL = "-O";
				VALIDATE_PRODUCT = YES;
			};
			name = Release;
		};
		EA6D9174293518CA00E18E34 /* Debug */ = {
			isa = XCBuildConfiguration;
			buildSettings = {
				ASSETCATALOG_COMPILER_APPICON_NAME = AppIcon;
				ASSETCATALOG_COMPILER_GLOBAL_ACCENT_COLOR_NAME = AccentColor;
				CODE_SIGN_STYLE = Automatic;
				CURRENT_PROJECT_VERSION = 1;
				DEVELOPMENT_ASSET_PATHS = "\"CoreData_Tutorial/Preview Content\"";
				DEVELOPMENT_TEAM = W48GBB265B;
				ENABLE_PREVIEWS = YES;
				GENERATE_INFOPLIST_FILE = YES;
				INFOPLIST_KEY_UIApplicationSceneManifest_Generation = YES;
				INFOPLIST_KEY_UIApplicationSupportsIndirectInputEvents = YES;
				INFOPLIST_KEY_UILaunchScreen_Generation = YES;
				INFOPLIST_KEY_UISupportedInterfaceOrientations_iPad = "UIInterfaceOrientationPortrait UIInterfaceOrientationPortraitUpsideDown UIInterfaceOrientationLandscapeLeft UIInterfaceOrientationLandscapeRight";
				INFOPLIST_KEY_UISupportedInterfaceOrientations_iPhone = "UIInterfaceOrientationPortrait UIInterfaceOrientationLandscapeLeft UIInterfaceOrientationLandscapeRight";
				LD_RUNPATH_SEARCH_PATHS = (
					"$(inherited)",
					"@executable_path/Frameworks",
				);
				MARKETING_VERSION = 1.0;
				PRODUCT_BUNDLE_IDENTIFIER = "com.tony177.CoreData-Tutorial";
				PRODUCT_NAME = "$(TARGET_NAME)";
				SWIFT_EMIT_LOC_STRINGS = YES;
				SWIFT_VERSION = 5.0;
				TARGETED_DEVICE_FAMILY = "1,2";
			};
			name = Debug;
		};
		EA6D9175293518CA00E18E34 /* Release */ = {
			isa = XCBuildConfiguration;
			buildSettings = {
				ASSETCATALOG_COMPILER_APPICON_NAME = AppIcon;
				ASSETCATALOG_COMPILER_GLOBAL_ACCENT_COLOR_NAME = AccentColor;
				CODE_SIGN_STYLE = Automatic;
				CURRENT_PROJECT_VERSION = 1;
				DEVELOPMENT_ASSET_PATHS = "\"CoreData_Tutorial/Preview Content\"";
				DEVELOPMENT_TEAM = W48GBB265B;
				ENABLE_PREVIEWS = YES;
				GENERATE_INFOPLIST_FILE = YES;
				INFOPLIST_KEY_UIApplicationSceneManifest_Generation = YES;
				INFOPLIST_KEY_UIApplicationSupportsIndirectInputEvents = YES;
				INFOPLIST_KEY_UILaunchScreen_Generation = YES;
				INFOPLIST_KEY_UISupportedInterfaceOrientations_iPad = "UIInterfaceOrientationPortrait UIInterfaceOrientationPortraitUpsideDown UIInterfaceOrientationLandscapeLeft UIInterfaceOrientationLandscapeRight";
				INFOPLIST_KEY_UISupportedInterfaceOrientations_iPhone = "UIInterfaceOrientationPortrait UIInterfaceOrientationLandscapeLeft UIInterfaceOrientationLandscapeRight";
				LD_RUNPATH_SEARCH_PATHS = (
					"$(inherited)",
					"@executable_path/Frameworks",
				);
				MARKETING_VERSION = 1.0;
				PRODUCT_BUNDLE_IDENTIFIER = "com.tony177.CoreData-Tutorial";
				PRODUCT_NAME = "$(TARGET_NAME)";
				SWIFT_EMIT_LOC_STRINGS = YES;
				SWIFT_VERSION = 5.0;
				TARGETED_DEVICE_FAMILY = "1,2";
			};
			name = Release;
		};
/* End XCBuildConfiguration section */

/* Begin XCConfigurationList section */
		EA6D915B293518C900E18E34 /* Build configuration list for PBXProject "CoreData_Tutorial" */ = {
			isa = XCConfigurationList;
			buildConfigurations = (
				EA6D9171293518CA00E18E34 /* Debug */,
				EA6D9172293518CA00E18E34 /* Release */,
			);
			defaultConfigurationIsVisible = 0;
			defaultConfigurationName = Release;
		};
		EA6D9173293518CA00E18E34 /* Build configuration list for PBXNativeTarget "CoreData_Tutorial" */ = {
			isa = XCConfigurationList;
			buildConfigurations = (
				EA6D9174293518CA00E18E34 /* Debug */,
				EA6D9175293518CA00E18E34 /* Release */,
			);
			defaultConfigurationIsVisible = 0;
			defaultConfigurationName = Release;
		};
/* End XCConfigurationList section */

/* Begin XCVersionGroup section */
		EA1513482939065900F99D3A /* Model.xcdatamodeld */ = {
			isa = XCVersionGroup;
			children = (
				EA1513492939065900F99D3A /* Model.xcdatamodel */,
			);
			currentVersion = EA1513492939065900F99D3A /* Model.xcdatamodel */;
			path = Model.xcdatamodeld;
			sourceTree = "<group>";
			versionGroupType = wrapper.xcdatamodel;
		};
		EA6D916E293518CA00E18E34 /* CoreData_Tutorial.xcdatamodeld */ = {
			isa = XCVersionGroup;
			children = (
				EA6D916F293518CA00E18E34 /* CoreData_Tutorial.xcdatamodel */,
			);
			currentVersion = EA6D916F293518CA00E18E34 /* CoreData_Tutorial.xcdatamodel */;
			path = CoreData_Tutorial.xcdatamodeld;
			sourceTree = "<group>";
			versionGroupType = wrapper.xcdatamodel;
		};
/* End XCVersionGroup section */
	};
	rootObject = EA6D9158293518C900E18E34 /* Project object */;
}
